
Microsoft Visual Studio Solution File, Format Version 12.00
# Visual Studio Version 17
VisualStudioVersion = 17.1.32210.238
MinimumVisualStudioVersion = 10.0.40219.1
Project("{FAE04EC0-301F-11D3-BF4B-00C04F79EFBC}") = "modul3_1302202095", "modul3_1302202095\modul3_1302202095.csproj", "{0B623812-A1CD-493C-9E71-30DB12E240D7}"
EndProject
Global
	GlobalSection(SolutionConfigurationPlatforms) = preSolution
		Debug|Any CPU = Debug|Any CPU
		Release|Any CPU = Release|Any CPU
	EndGlobalSection
	GlobalSection(ProjectConfigurationPlatforms) = postSolution
		{0B623812-A1CD-493C-9E71-30DB12E240D7}.Debug|Any CPU.ActiveCfg = Debug|Any CPU
		{0B623812-A1CD-493C-9E71-30DB12E240D7}.Debug|Any CPU.Build.0 = Debug|Any CPU
		{0B623812-A1CD-493C-9E71-30DB12E240D7}.Release|Any CPU.ActiveCfg = Release|Any CPU
		{0B623812-A1CD-493C-9E71-30DB12E240D7}.Release|Any CPU.Build.0 = Release|Any CPU
	EndGlobalSection
	GlobalSection(SolutionProperties) = preSolution
		HideSolutionNode = FALSE
	EndGlobalSection
	GlobalSection(ExtensibilityGlobals) = postSolution
		SolutionGuid = {AE521882-E67D-4C7F-BA80-82AC0AC24402}
	EndGlobalSection
EndGlobal
